
Microsoft Visual Studio Solution File, Format Version 12.00
# Visual Studio Version 17
VisualStudioVersion = 17.8.0.0
MinimumVisualStudioVersion = 17.8.0.0
Project("{9A19103F-16F7-4668-BE54-9A1E7A4F7556}") = "Pulse.Api.AppHost", "src\Pulse.Api.AppHost\Pulse.Api.AppHost.csproj", "{31E7C498-3410-4813-9DCD-382018FAEEB5}"
EndProject
Project("{9A19103F-16F7-4668-BE54-9A1E7A4F7556}") = "Pulse.Api.ServiceDefaults", "src\Pulse.Api.ServiceDefaults\Pulse.Api.ServiceDefaults.csproj", "{1978E96A-04FC-4F21-A73E-B678EA21FC12}"
EndProject
Project("{9A19103F-16F7-4668-BE54-9A1E7A4F7556}") = "Pulse.Api.ApiService", "src\Pulse.Api.ApiService\Pulse.Api.ApiService.csproj", "{3EC12F6E-EA99-4448-81DE-B485133FFCF9}"
EndProject
Project("{9A19103F-16F7-4668-BE54-9A1E7A4F7556}") = "Pulse.Api.ApiService.Tests", "tests\Pulse.Api.ApiService.Tests\Pulse.Api.ApiService.Tests.csproj", "{E8FE2DA6-C895-448D-A53D-C254366C8071}"
EndProject
Global
	GlobalSection(SolutionConfigurationPlatforms) = preSolution
		Debug|Any CPU = Debug|Any CPU
		Release|Any CPU = Release|Any CPU
	EndGlobalSection
	GlobalSection(ProjectConfigurationPlatforms) = postSolution
		{31E7C498-3410-4813-9DCD-382018FAEEB5}.Debug|Any CPU.ActiveCfg = Debug|Any CPU
		{31E7C498-3410-4813-9DCD-382018FAEEB5}.Debug|Any CPU.Build.0 = Debug|Any CPU
		{31E7C498-3410-4813-9DCD-382018FAEEB5}.Release|Any CPU.ActiveCfg = Release|Any CPU
		{31E7C498-3410-4813-9DCD-382018FAEEB5}.Release|Any CPU.Build.0 = Release|Any CPU
		{1978E96A-04FC-4F21-A73E-B678EA21FC12}.Debug|Any CPU.ActiveCfg = Debug|Any CPU
		{1978E96A-04FC-4F21-A73E-B678EA21FC12}.Debug|Any CPU.Build.0 = Debug|Any CPU
		{1978E96A-04FC-4F21-A73E-B678EA21FC12}.Release|Any CPU.ActiveCfg = Release|Any CPU
		{1978E96A-04FC-4F21-A73E-B678EA21FC12}.Release|Any CPU.Build.0 = Release|Any CPU
		{3EC12F6E-EA99-4448-81DE-B485133FFCF9}.Debug|Any CPU.ActiveCfg = Debug|Any CPU
		{3EC12F6E-EA99-4448-81DE-B485133FFCF9}.Debug|Any CPU.Build.0 = Debug|Any CPU
		{3EC12F6E-EA99-4448-81DE-B485133FFCF9}.Release|Any CPU.ActiveCfg = Release|Any CPU
		{3EC12F6E-EA99-4448-81DE-B485133FFCF9}.Release|Any CPU.Build.0 = Release|Any CPU
		{E8FE2DA6-C895-448D-A53D-C254366C8071}.Debug|Any CPU.ActiveCfg = Debug|Any CPU
		{E8FE2DA6-C895-448D-A53D-C254366C8071}.Debug|Any CPU.Build.0 = Debug|Any CPU
		{E8FE2DA6-C895-448D-A53D-C254366C8071}.Release|Any CPU.ActiveCfg = Release|Any CPU
		{E8FE2DA6-C895-448D-A53D-C254366C8071}.Release|Any CPU.Build.0 = Release|Any CPU
	EndGlobalSection
	GlobalSection(SolutionProperties) = preSolution
		HideSolutionNode = FALSE
	EndGlobalSection
	GlobalSection(ExtensibilityGlobals) = postSolution
		SolutionGuid = {9A9C2C82-4EC3-4D8A-AB2E-A0365E8A74F0}
	EndGlobalSection
EndGlobal
